
Microsoft Visual Studio Solution File, Format Version 12.00
# Visual Studio Version 16
VisualStudioVersion = 16.0.810.6
MinimumVisualStudioVersion = 10.0.40219.1
Project("{FAE04EC0-301F-11D3-BF4B-00C04F79EFBC}") = "week1", "week1.csproj", "{7F509CAF-320A-4993-ABE0-D0D0F4F3D26F}"
EndProject
Global
	GlobalSection(SolutionConfigurationPlatforms) = preSolution
		Debug|anycpu = Debug|anycpu
		Release|anycpu = Release|anycpu
	EndGlobalSection
	GlobalSection(ProjectConfigurationPlatforms) = postSolution
		{7F509CAF-320A-4993-ABE0-D0D0F4F3D26F}.Debug|anycpu.ActiveCfg = Debug|anycpu
		{7F509CAF-320A-4993-ABE0-D0D0F4F3D26F}.Debug|anycpu.Build.0 = Debug|anycpu
		{7F509CAF-320A-4993-ABE0-D0D0F4F3D26F}.Release|anycpu.ActiveCfg = Release|anycpu
		{7F509CAF-320A-4993-ABE0-D0D0F4F3D26F}.Release|anycpu.Build.0 = Release|anycpu
	EndGlobalSection
	GlobalSection(SolutionProperties) = preSolution
		HideSolutionNode = FALSE
	EndGlobalSection
	GlobalSection(ExtensibilityGlobals) = postSolution
		SolutionGuid = {43629B87-0271-42F1-834B-9A2F8DE939EB}
	EndGlobalSection
EndGlobal
